
Microsoft Visual Studio Solution File, Format Version 12.00
# Visual Studio Version 16
VisualStudioVersion = 16.0.31624.102
MinimumVisualStudioVersion = 10.0.40219.1
Project("{FAE04EC0-301F-11D3-BF4B-00C04F79EFBC}") = "S6_ListViewExample.Android", "S6_ListViewExample\S6_ListViewExample.Android\S6_ListViewExample.Android.csproj", "{3B32054B-7E8F-44FB-9F5F-8DD081653CEB}"
EndProject
Project("{FAE04EC0-301F-11D3-BF4B-00C04F79EFBC}") = "S6_ListViewExample.iOS", "S6_ListViewExample\S6_ListViewExample.iOS\S6_ListViewExample.iOS.csproj", "{8E42B028-FAD8-4684-82D5-1B556F0E26D4}"
EndProject
Project("{FAE04EC0-301F-11D3-BF4B-00C04F79EFBC}") = "S6_ListViewExample", "S6_ListViewExample\S6_ListViewExample\S6_ListViewExample.csproj", "{8FD1DAAA-9FD5-4AB7-998B-DC896706E95A}"
EndProject
Global
	GlobalSection(SolutionConfigurationPlatforms) = preSolution
		Debug|Any CPU = Debug|Any CPU
		Debug|iPhone = Debug|iPhone
		Debug|iPhoneSimulator = Debug|iPhoneSimulator
		Release|Any CPU = Release|Any CPU
		Release|iPhone = Release|iPhone
		Release|iPhoneSimulator = Release|iPhoneSimulator
	EndGlobalSection
	GlobalSection(ProjectConfigurationPlatforms) = postSolution
		{3B32054B-7E8F-44FB-9F5F-8DD081653CEB}.Debug|Any CPU.ActiveCfg = Debug|Any CPU
		{3B32054B-7E8F-44FB-9F5F-8DD081653CEB}.Debug|Any CPU.Build.0 = Debug|Any CPU
		{3B32054B-7E8F-44FB-9F5F-8DD081653CEB}.Debug|Any CPU.Deploy.0 = Debug|Any CPU
		{3B32054B-7E8F-44FB-9F5F-8DD081653CEB}.Debug|iPhone.ActiveCfg = Debug|Any CPU
		{3B32054B-7E8F-44FB-9F5F-8DD081653CEB}.Debug|iPhone.Build.0 = Debug|Any CPU
		{3B32054B-7E8F-44FB-9F5F-8DD081653CEB}.Debug|iPhone.Deploy.0 = Debug|Any CPU
		{3B32054B-7E8F-44FB-9F5F-8DD081653CEB}.Debug|iPhoneSimulator.ActiveCfg = Debug|Any CPU
		{3B32054B-7E8F-44FB-9F5F-8DD081653CEB}.Debug|iPhoneSimulator.Build.0 = Debug|Any CPU
		{3B32054B-7E8F-44FB-9F5F-8DD081653CEB}.Debug|iPhoneSimulator.Deploy.0 = Debug|Any CPU
		{3B32054B-7E8F-44FB-9F5F-8DD081653CEB}.Release|Any CPU.ActiveCfg = Release|Any CPU
		{3B32054B-7E8F-44FB-9F5F-8DD081653CEB}.Release|Any CPU.Build.0 = Release|Any CPU
		{3B32054B-7E8F-44FB-9F5F-8DD081653CEB}.Release|Any CPU.Deploy.0 = Release|Any CPU
		{3B32054B-7E8F-44FB-9F5F-8DD081653CEB}.Release|iPhone.ActiveCfg = Release|Any CPU
		{3B32054B-7E8F-44FB-9F5F-8DD081653CEB}.Release|iPhone.Build.0 = Release|Any CPU
		{3B32054B-7E8F-44FB-9F5F-8DD081653CEB}.Release|iPhone.Deploy.0 = Release|Any CPU
		{3B32054B-7E8F-44FB-9F5F-8DD081653CEB}.Release|iPhoneSimulator.ActiveCfg = Release|Any CPU
		{3B32054B-7E8F-44FB-9F5F-8DD081653CEB}.Release|iPhoneSimulator.Build.0 = Release|Any CPU
		{3B32054B-7E8F-44FB-9F5F-8DD081653CEB}.Release|iPhoneSimulator.Deploy.0 = Release|Any CPU
		{8E42B028-FAD8-4684-82D5-1B556F0E26D4}.Debug|Any CPU.ActiveCfg = Debug|iPhone
		{8E42B028-FAD8-4684-82D5-1B556F0E26D4}.Debug|Any CPU.Build.0 = Debug|iPhone
		{8E42B028-FAD8-4684-82D5-1B556F0E26D4}.Debug|Any CPU.Deploy.0 = Debug|iPhone
		{8E42B028-FAD8-4684-82D5-1B556F0E26D4}.Debug|iPhone.ActiveCfg = Debug|iPhone
		{8E42B028-FAD8-4684-82D5-1B556F0E26D4}.Debug|iPhone.Build.0 = Debug|iPhone
		{8E42B028-FAD8-4684-82D5-1B556F0E26D4}.Debug|iPhone.Deploy.0 = Debug|iPhone
		{8E42B028-FAD8-4684-82D5-1B556F0E26D4}.Debug|iPhoneSimulator.ActiveCfg = Debug|iPhoneSimulator
		{8E42B028-FAD8-4684-82D5-1B556F0E26D4}.Debug|iPhoneSimulator.Build.0 = Debug|iPhoneSimulator
		{8E42B028-FAD8-4684-82D5-1B556F0E26D4}.Debug|iPhoneSimulator.Deploy.0 = Debug|iPhoneSimulator
		{8E42B028-FAD8-4684-82D5-1B556F0E26D4}.Release|Any CPU.ActiveCfg = Release|iPhoneSimulator
		{8E42B028-FAD8-4684-82D5-1B556F0E26D4}.Release|Any CPU.Build.0 = Release|iPhoneSimulator
		{8E42B028-FAD8-4684-82D5-1B556F0E26D4}.Release|Any CPU.Deploy.0 = Release|iPhoneSimulator
		{8E42B028-FAD8-4684-82D5-1B556F0E26D4}.Release|iPhone.ActiveCfg = Release|iPhone
		{8E42B028-FAD8-4684-82D5-1B556F0E26D4}.Release|iPhone.Build.0 = Release|iPhone
		{8E42B028-FAD8-4684-82D5-1B556F0E26D4}.Release|iPhone.Deploy.0 = Release|iPhone
		{8E42B028-FAD8-4684-82D5-1B556F0E26D4}.Release|iPhoneSimulator.ActiveCfg = Release|iPhoneSimulator
		{8E42B028-FAD8-4684-82D5-1B556F0E26D4}.Release|iPhoneSimulator.Build.0 = Release|iPhoneSimulator
		{8E42B028-FAD8-4684-82D5-1B556F0E26D4}.Release|iPhoneSimulator.Deploy.0 = Release|iPhoneSimulator
		{8FD1DAAA-9FD5-4AB7-998B-DC896706E95A}.Debug|Any CPU.ActiveCfg = Debug|Any CPU
		{8FD1DAAA-9FD5-4AB7-998B-DC896706E95A}.Debug|Any CPU.Build.0 = Debug|Any CPU
		{8FD1DAAA-9FD5-4AB7-998B-DC896706E95A}.Debug|Any CPU.Deploy.0 = Debug|Any CPU
		{8FD1DAAA-9FD5-4AB7-998B-DC896706E95A}.Debug|iPhone.ActiveCfg = Debug|Any CPU
		{8FD1DAAA-9FD5-4AB7-998B-DC896706E95A}.Debug|iPhone.Build.0 = Debug|Any CPU
		{8FD1DAAA-9FD5-4AB7-998B-DC896706E95A}.Debug|iPhone.Deploy.0 = Debug|Any CPU
		{8FD1DAAA-9FD5-4AB7-998B-DC896706E95A}.Debug|iPhoneSimulator.ActiveCfg = Debug|Any CPU
		{8FD1DAAA-9FD5-4AB7-998B-DC896706E95A}.Debug|iPhoneSimulator.Build.0 = Debug|Any CPU
		{8FD1DAAA-9FD5-4AB7-998B-DC896706E95A}.Debug|iPhoneSimulator.Deploy.0 = Debug|Any CPU
		{8FD1DAAA-9FD5-4AB7-998B-DC896706E95A}.Release|Any CPU.ActiveCfg = Release|Any CPU
		{8FD1DAAA-9FD5-4AB7-998B-DC896706E95A}.Release|Any CPU.Build.0 = Release|Any CPU
		{8FD1DAAA-9FD5-4AB7-998B-DC896706E95A}.Release|Any CPU.Deploy.0 = Release|Any CPU
		{8FD1DAAA-9FD5-4AB7-998B-DC896706E95A}.Release|iPhone.ActiveCfg = Release|Any CPU
		{8FD1DAAA-9FD5-4AB7-998B-DC896706E95A}.Release|iPhone.Build.0 = Release|Any CPU
		{8FD1DAAA-9FD5-4AB7-998B-DC896706E95A}.Release|iPhone.Deploy.0 = Release|Any CPU
		{8FD1DAAA-9FD5-4AB7-998B-DC896706E95A}.Release|iPhoneSimulator.ActiveCfg = Release|Any CPU
		{8FD1DAAA-9FD5-4AB7-998B-DC896706E95A}.Release|iPhoneSimulator.Build.0 = Release|Any CPU
		{8FD1DAAA-9FD5-4AB7-998B-DC896706E95A}.Release|iPhoneSimulator.Deploy.0 = Release|Any CPU
	EndGlobalSection
	GlobalSection(SolutionProperties) = preSolution
		HideSolutionNode = FALSE
	EndGlobalSection
	GlobalSection(ExtensibilityGlobals) = postSolution
		SolutionGuid = {15C0933A-0E42-4250-98E7-76AC60CA24E7}
	EndGlobalSection
EndGlobal
